// !$*UTF8*$!
{
	archiveVersion = 1;
	classes = {
	};
	objectVersion = 50;
	objects = {

/* Begin PBXBuildFile section */
		DFE79C8B25F1A5FD00883AD8 /* AppDelegate.swift in Sources */ = {isa = PBXBuildFile; fileRef = DFE79C8A25F1A5FD00883AD8 /* AppDelegate.swift */; };
		DFE79C8D25F1A5FD00883AD8 /* SceneDelegate.swift in Sources */ = {isa = PBXBuildFile; fileRef = DFE79C8C25F1A5FD00883AD8 /* SceneDelegate.swift */; };
		DFE79C8F25F1A5FD00883AD8 /* ViewController.swift in Sources */ = {isa = PBXBuildFile; fileRef = DFE79C8E25F1A5FD00883AD8 /* ViewController.swift */; };
		DFE79C9225F1A5FD00883AD8 /* Main.storyboard in Resources */ = {isa = PBXBuildFile; fileRef = DFE79C9025F1A5FD00883AD8 /* Main.storyboard */; };
		DFE79C9425F1A60400883AD8 /* Assets.xcassets in Resources */ = {isa = PBXBuildFile; fileRef = DFE79C9325F1A60400883AD8 /* Assets.xcassets */; };
		DFE79C9725F1A60400883AD8 /* LaunchScreen.storyboard in Resources */ = {isa = PBXBuildFile; fileRef = DFE79C9525F1A60400883AD8 /* LaunchScreen.storyboard */; };
		DFE79CA225F1A60500883AD8 /* CalculadoraTests.swift in Sources */ = {isa = PBXBuildFile; fileRef = DFE79CA125F1A60500883AD8 /* CalculadoraTests.swift */; };
		DFE79CAD25F1A60500883AD8 /* CalculadoraUITests.swift in Sources */ = {isa = PBXBuildFile; fileRef = DFE79CAC25F1A60500883AD8 /* CalculadoraUITests.swift */; };
/* End PBXBuildFile section */

/* Begin PBXContainerItemProxy section */
		DFE79C9E25F1A60500883AD8 /* PBXContainerItemProxy */ = {
			isa = PBXContainerItemProxy;
			containerPortal = DFE79C7F25F1A5FD00883AD8 /* Project object */;
			proxyType = 1;
			remoteGlobalIDString = DFE79C8625F1A5FD00883AD8;
			remoteInfo = Calculadora;
		};
		DFE79CA925F1A60500883AD8 /* PBXContainerItemProxy */ = {
			isa = PBXContainerItemProxy;
			containerPortal = DFE79C7F25F1A5FD00883AD8 /* Project object */;
			proxyType = 1;
			remoteGlobalIDString = DFE79C8625F1A5FD00883AD8;
			remoteInfo = Calculadora;
		};
/* End PBXContainerItemProxy section */

/* Begin PBXFileReference section */
		DFE79C8725F1A5FD00883AD8 /* Calculadora.app */ = {isa = PBXFileReference; explicitFileType = wrapper.application; includeInIndex = 0; path = Calculadora.app; sourceTree = BUILT_PRODUCTS_DIR; };
		DFE79C8A25F1A5FD00883AD8 /* AppDelegate.swift */ = {isa = PBXFileReference; lastKnownFileType = sourcecode.swift; path = AppDelegate.swift; sourceTree = "<group>"; };
		DFE79C8C25F1A5FD00883AD8 /* SceneDelegate.swift */ = {isa = PBXFileReference; lastKnownFileType = sourcecode.swift; path = SceneDelegate.swift; sourceTree = "<group>"; };
		DFE79C8E25F1A5FD00883AD8 /* ViewController.swift */ = {isa = PBXFileReference; lastKnownFileType = sourcecode.swift; path = ViewController.swift; sourceTree = "<group>"; };
		DFE79C9125F1A5FD00883AD8 /* Base */ = {isa = PBXFileReference; lastKnownFileType = file.storyboard; name = Base; path = Base.lproj/Main.storyboard; sourceTree = "<group>"; };
		DFE79C9325F1A60400883AD8 /* Assets.xcassets */ = {isa = PBXFileReference; lastKnownFileType = folder.assetcatalog; path = Assets.xcassets; sourceTree = "<group>"; };
		DFE79C9625F1A60400883AD8 /* Base */ = {isa = PBXFileReference; lastKnownFileType = file.storyboard; name = Base; path = Base.lproj/LaunchScreen.storyboard; sourceTree = "<group>"; };
		DFE79C9825F1A60400883AD8 /* Info.plist */ = {isa = PBXFileReference; lastKnownFileType = text.plist.xml; path = Info.plist; sourceTree = "<group>"; };
		DFE79C9D25F1A60500883AD8 /* CalculadoraTests.xctest */ = {isa = PBXFileReference; explicitFileType = wrapper.cfbundle; includeInIndex = 0; path = CalculadoraTests.xctest; sourceTree = BUILT_PRODUCTS_DIR; };
		DFE79CA125F1A60500883AD8 /* CalculadoraTests.swift */ = {isa = PBXFileReference; lastKnownFileType = sourcecode.swift; path = CalculadoraTests.swift; sourceTree = "<group>"; };
		DFE79CA325F1A60500883AD8 /* Info.plist */ = {isa = PBXFileReference; lastKnownFileType = text.plist.xml; path = Info.plist; sourceTree = "<group>"; };
		DFE79CA825F1A60500883AD8 /* CalculadoraUITests.xctest */ = {isa = PBXFileReference; explicitFileType = wrapper.cfbundle; includeInIndex = 0; path = CalculadoraUITests.xctest; sourceTree = BUILT_PRODUCTS_DIR; };
		DFE79CAC25F1A60500883AD8 /* CalculadoraUITests.swift */ = {isa = PBXFileReference; lastKnownFileType = sourcecode.swift; path = CalculadoraUITests.swift; sourceTree = "<group>"; };
		DFE79CAE25F1A60500883AD8 /* Info.plist */ = {isa = PBXFileReference; lastKnownFileType = text.plist.xml; path = Info.plist; sourceTree = "<group>"; };
/* End PBXFileReference section */

/* Begin PBXFrameworksBuildPhase section */
		DFE79C8425F1A5FD00883AD8 /* Frameworks */ = {
			isa = PBXFrameworksBuildPhase;
			buildActionMask = 2147483647;
			files = (
			);
			runOnlyForDeploymentPostprocessing = 0;
		};
		DFE79C9A25F1A60500883AD8 /* Frameworks */ = {
			isa = PBXFrameworksBuildPhase;
			buildActionMask = 2147483647;
			files = (
			);
			runOnlyForDeploymentPostprocessing = 0;
		};
		DFE79CA525F1A60500883AD8 /* Frameworks */ = {
			isa = PBXFrameworksBuildPhase;
			buildActionMask = 2147483647;
			files = (
			);
			runOnlyForDeploymentPostprocessing = 0;
		};
/* End PBXFrameworksBuildPhase section */

/* Begin PBXGroup section */
		DFE79C7E25F1A5FD00883AD8 = {
			isa = PBXGroup;
			children = (
				DFE79C8925F1A5FD00883AD8 /* Calculadora */,
				DFE79CA025F1A60500883AD8 /* CalculadoraTests */,
				DFE79CAB25F1A60500883AD8 /* CalculadoraUITests */,
				DFE79C8825F1A5FD00883AD8 /* Products */,
			);
			sourceTree = "<group>";
		};
		DFE79C8825F1A5FD00883AD8 /* Products */ = {
			isa = PBXGroup;
			children = (
				DFE79C8725F1A5FD00883AD8 /* Calculadora.app */,
				DFE79C9D25F1A60500883AD8 /* CalculadoraTests.xctest */,
				DFE79CA825F1A60500883AD8 /* CalculadoraUITests.xctest */,
			);
			name = Products;
			sourceTree = "<group>";
		};
		DFE79C8925F1A5FD00883AD8 /* Calculadora */ = {
			isa = PBXGroup;
			children = (
				DFE79C8A25F1A5FD00883AD8 /* AppDelegate.swift */,
				DFE79C8C25F1A5FD00883AD8 /* SceneDelegate.swift */,
				DFE79C8E25F1A5FD00883AD8 /* ViewController.swift */,
				DFE79C9025F1A5FD00883AD8 /* Main.storyboard */,
				DFE79C9325F1A60400883AD8 /* Assets.xcassets */,
				DFE79C9525F1A60400883AD8 /* LaunchScreen.storyboard */,
				DFE79C9825F1A60400883AD8 /* Info.plist */,
			);
			path = Calculadora;
			sourceTree = "<group>";
		};
		DFE79CA025F1A60500883AD8 /* CalculadoraTests */ = {
			isa = PBXGroup;
			children = (
				DFE79CA125F1A60500883AD8 /* CalculadoraTests.swift */,
				DFE79CA325F1A60500883AD8 /* Info.plist */,
			);
			path = CalculadoraTests;
			sourceTree = "<group>";
		};
		DFE79CAB25F1A60500883AD8 /* CalculadoraUITests */ = {
			isa = PBXGroup;
			children = (
				DFE79CAC25F1A60500883AD8 /* CalculadoraUITests.swift */,
				DFE79CAE25F1A60500883AD8 /* Info.plist */,
			);
			path = CalculadoraUITests;
			sourceTree = "<group>";
		};
/* End PBXGroup section */

/* Begin PBXNativeTarget section */
		DFE79C8625F1A5FD00883AD8 /* Calculadora */ = {
			isa = PBXNativeTarget;
			buildConfigurationList = DFE79CB125F1A60500883AD8 /* Build configuration list for PBXNativeTarget "Calculadora" */;
			buildPhases = (
				DFE79C8325F1A5FD00883AD8 /* Sources */,
				DFE79C8425F1A5FD00883AD8 /* Frameworks */,
				DFE79C8525F1A5FD00883AD8 /* Resources */,
			);
			buildRules = (
			);
			dependencies = (
			);
			name = Calculadora;
			productName = Calculadora;
			productReference = DFE79C8725F1A5FD00883AD8 /* Calculadora.app */;
			productType = "com.apple.product-type.application";
		};
		DFE79C9C25F1A60500883AD8 /* CalculadoraTests */ = {
			isa = PBXNativeTarget;
			buildConfigurationList = DFE79CB425F1A60500883AD8 /* Build configuration list for PBXNativeTarget "CalculadoraTests" */;
			buildPhases = (
				DFE79C9925F1A60500883AD8 /* Sources */,
				DFE79C9A25F1A60500883AD8 /* Frameworks */,
				DFE79C9B25F1A60500883AD8 /* Resources */,
			);
			buildRules = (
			);
			dependencies = (
				DFE79C9F25F1A60500883AD8 /* PBXTargetDependency */,
			);
			name = CalculadoraTests;
			productName = CalculadoraTests;
			productReference = DFE79C9D25F1A60500883AD8 /* CalculadoraTests.xctest */;
			productType = "com.apple.product-type.bundle.unit-test";
		};
		DFE79CA725F1A60500883AD8 /* CalculadoraUITests */ = {
			isa = PBXNativeTarget;
			buildConfigurationList = DFE79CB725F1A60500883AD8 /* Build configuration list for PBXNativeTarget "CalculadoraUITests" */;
			buildPhases = (
				DFE79CA425F1A60500883AD8 /* Sources */,
				DFE79CA525F1A60500883AD8 /* Frameworks */,
				DFE79CA625F1A60500883AD8 /* Resources */,
			);
			buildRules = (
			);
			dependencies = (
				DFE79CAA25F1A60500883AD8 /* PBXTargetDependency */,
			);
			name = CalculadoraUITests;
			productName = CalculadoraUITests;
			productReference = DFE79CA825F1A60500883AD8 /* CalculadoraUITests.xctest */;
			productType = "com.apple.product-type.bundle.ui-testing";
		};
/* End PBXNativeTarget section */

/* Begin PBXProject section */
		DFE79C7F25F1A5FD00883AD8 /* Project object */ = {
			isa = PBXProject;
			attributes = {
				LastSwiftUpdateCheck = 1240;
				LastUpgradeCheck = 1240;
				TargetAttributes = {
					DFE79C8625F1A5FD00883AD8 = {
						CreatedOnToolsVersion = 12.4;
					};
					DFE79C9C25F1A60500883AD8 = {
						CreatedOnToolsVersion = 12.4;
						TestTargetID = DFE79C8625F1A5FD00883AD8;
					};
					DFE79CA725F1A60500883AD8 = {
						CreatedOnToolsVersion = 12.4;
						TestTargetID = DFE79C8625F1A5FD00883AD8;
					};
				};
			};
			buildConfigurationList = DFE79C8225F1A5FD00883AD8 /* Build configuration list for PBXProject "Calculadora" */;
			compatibilityVersion = "Xcode 9.3";
			developmentRegion = en;
			hasScannedForEncodings = 0;
			knownRegions = (
				en,
				Base,
			);
			mainGroup = DFE79C7E25F1A5FD00883AD8;
			productRefGroup = DFE79C8825F1A5FD00883AD8 /* Products */;
			projectDirPath = "";
			projectRoot = "";
			targets = (
				DFE79C8625F1A5FD00883AD8 /* Calculadora */,
				DFE79C9C25F1A60500883AD8 /* CalculadoraTests */,
				DFE79CA725F1A60500883AD8 /* CalculadoraUITests */,
			);
		};
/* End PBXProject section */

/* Begin PBXResourcesBuildPhase section */
		DFE79C8525F1A5FD00883AD8 /* Resources */ = {
			isa = PBXResourcesBuildPhase;
			buildActionMask = 2147483647;
			files = (
				DFE79C9725F1A60400883AD8 /* LaunchScreen.storyboard in Resources */,
				DFE79C9425F1A60400883AD8 /* Assets.xcassets in Resources */,
				DFE79C9225F1A5FD00883AD8 /* Main.storyboard in Resources */,
			);
			runOnlyForDeploymentPostprocessing = 0;
		};
		DFE79C9B25F1A60500883AD8 /* Resources */ = {
			isa = PBXResourcesBuildPhase;
			buildActionMask = 2147483647;
			files = (
			);
			runOnlyForDeploymentPostprocessing = 0;
		};
		DFE79CA625F1A60500883AD8 /* Resources */ = {
			isa = PBXResourcesBuildPhase;
			buildActionMask = 2147483647;
			files = (
			);
			runOnlyForDeploymentPostprocessing = 0;
		};
/* End PBXResourcesBuildPhase section */

/* Begin PBXSourcesBuildPhase section */
		DFE79C8325F1A5FD00883AD8 /* Sources */ = {
			isa = PBXSourcesBuildPhase;
			buildActionMask = 2147483647;
			files = (
				DFE79C8F25F1A5FD00883AD8 /* ViewController.swift in Sources */,
				DFE79C8B25F1A5FD00883AD8 /* AppDelegate.swift in Sources */,
				DFE79C8D25F1A5FD00883AD8 /* SceneDelegate.swift in Sources */,
			);
			runOnlyForDeploymentPostprocessing = 0;
		};
		DFE79C9925F1A60500883AD8 /* Sources */ = {
			isa = PBXSourcesBuildPhase;
			buildActionMask = 2147483647;
			files = (
				DFE79CA225F1A60500883AD8 /* CalculadoraTests.swift in Sources */,
			);
			runOnlyForDeploymentPostprocessing = 0;
		};
		DFE79CA425F1A60500883AD8 /* Sources */ = {
			isa = PBXSourcesBuildPhase;
			buildActionMask = 2147483647;
			files = (
				DFE79CAD25F1A60500883AD8 /* CalculadoraUITests.swift in Sources */,
			);
			runOnlyForDeploymentPostprocessing = 0;
		};
/* End PBXSourcesBuildPhase section */

/* Begin PBXTargetDependency section */
		DFE79C9F25F1A60500883AD8 /* PBXTargetDependency */ = {
			isa = PBXTargetDependency;
			target = DFE79C8625F1A5FD00883AD8 /* Calculadora */;
			targetProxy = DFE79C9E25F1A60500883AD8 /* PBXContainerItemProxy */;
		};
		DFE79CAA25F1A60500883AD8 /* PBXTargetDependency */ = {
			isa = PBXTargetDependency;
			target = DFE79C8625F1A5FD00883AD8 /* Calculadora */;
			targetProxy = DFE79CA925F1A60500883AD8 /* PBXContainerItemProxy */;
		};
/* End PBXTargetDependency section */

/* Begin PBXVariantGroup section */
		DFE79C9025F1A5FD00883AD8 /* Main.storyboard */ = {
			isa = PBXVariantGroup;
			children = (
				DFE79C9125F1A5FD00883AD8 /* Base */,
			);
			name = Main.storyboard;
			sourceTree = "<group>";
		};
		DFE79C9525F1A60400883AD8 /* LaunchScreen.storyboard */ = {
			isa = PBXVariantGroup;
			children = (
				DFE79C9625F1A60400883AD8 /* Base */,
			);
			name = LaunchScreen.storyboard;
			sourceTree = "<group>";
		};
/* End PBXVariantGroup section */

/* Begin XCBuildConfiguration section */
		DFE79CAF25F1A60500883AD8 /* Debug */ = {
			isa = XCBuildConfiguration;
			buildSettings = {
				ALWAYS_SEARCH_USER_PATHS = NO;
				CLANG_ANALYZER_NONNULL = YES;
				CLANG_ANALYZER_NUMBER_OBJECT_CONVERSION = YES_AGGRESSIVE;
				CLANG_CXX_LANGUAGE_STANDARD = "gnu++14";
				CLANG_CXX_LIBRARY = "libc++";
				CLANG_ENABLE_MODULES = YES;
				CLANG_ENABLE_OBJC_ARC = YES;
				CLANG_ENABLE_OBJC_WEAK = YES;
				CLANG_WARN_BLOCK_CAPTURE_AUTORELEASING = YES;
				CLANG_WARN_BOOL_CONVERSION = YES;
				CLANG_WARN_COMMA = YES;
				CLANG_WARN_CONSTANT_CONVERSION = YES;
				CLANG_WARN_DEPRECATED_OBJC_IMPLEMENTATIONS = YES;
				CLANG_WARN_DIRECT_OBJC_ISA_USAGE = YES_ERROR;
				CLANG_WARN_DOCUMENTATION_COMMENTS = YES;
				CLANG_WARN_EMPTY_BODY = YES;
				CLANG_WARN_ENUM_CONVERSION = YES;
				CLANG_WARN_INFINITE_RECURSION = YES;
				CLANG_WARN_INT_CONVERSION = YES;
				CLANG_WARN_NON_LITERAL_NULL_CONVERSION = YES;
				CLANG_WARN_OBJC_IMPLICIT_RETAIN_SELF = YES;
				CLANG_WARN_OBJC_LITERAL_CONVERSION = YES;
				CLANG_WARN_OBJC_ROOT_CLASS = YES_ERROR;
				CLANG_WARN_QUOTED_INCLUDE_IN_FRAMEWORK_HEADER = YES;
				CLANG_WARN_RANGE_LOOP_ANALYSIS = YES;
				CLANG_WARN_STRICT_PROTOTYPES = YES;
				CLANG_WARN_SUSPICIOUS_MOVE = YES;
				CLANG_WARN_UNGUARDED_AVAILABILITY = YES_AGGRESSIVE;
				CLANG_WARN_UNREACHABLE_CODE = YES;
				CLANG_WARN__DUPLICATE_METHOD_MATCH = YES;
				COPY_PHASE_STRIP = NO;
				DEBUG_INFORMATION_FORMAT = dwarf;
				ENABLE_STRICT_OBJC_MSGSEND = YES;
				ENABLE_TESTABILITY = YES;
				GCC_C_LANGUAGE_STANDARD = gnu11;
				GCC_DYNAMIC_NO_PIC = NO;
				GCC_NO_COMMON_BLOCKS = YES;
				GCC_OPTIMIZATION_LEVEL = 0;
				GCC_PREPROCESSOR_DEFINITIONS = (
					"DEBUG=1",
					"$(inherited)",
				);
				GCC_WARN_64_TO_32_BIT_CONVERSION = YES;
				GCC_WARN_ABOUT_RETURN_TYPE = YES_ERROR;
				GCC_WARN_UNDECLARED_SELECTOR = YES;
				GCC_WARN_UNINITIALIZED_AUTOS = YES_AGGRESSIVE;
				GCC_WARN_UNUSED_FUNCTION = YES;
				GCC_WARN_UNUSED_VARIABLE = YES;
				IPHONEOS_DEPLOYMENT_TARGET = 14.4;
				MTL_ENABLE_DEBUG_INFO = INCLUDE_SOURCE;
				MTL_FAST_MATH = YES;
				ONLY_ACTIVE_ARCH = YES;
				SDKROOT = iphoneos;
				SWIFT_ACTIVE_COMPILATION_CONDITIONS = DEBUG;
				SWIFT_OPTIMIZATION_LEVEL = "-Onone";
			};
			name = Debug;
		};
		DFE79CB025F1A60500883AD8 /* Release */ = {
			isa = XCBuildConfiguration;
			buildSettings = {
				ALWAYS_SEARCH_USER_PATHS = NO;
				CLANG_ANALYZER_NONNULL = YES;
				CLANG_ANALYZER_NUMBER_OBJECT_CONVERSION = YES_AGGRESSIVE;
				CLANG_CXX_LANGUAGE_STANDARD = "gnu++14";
				CLANG_CXX_LIBRARY = "libc++";
				CLANG_ENABLE_MODULES = YES;
				CLANG_ENABLE_OBJC_ARC = YES;
				CLANG_ENABLE_OBJC_WEAK = YES;
				CLANG_WARN_BLOCK_CAPTURE_AUTORELEASING = YES;
				CLANG_WARN_BOOL_CONVERSION = YES;
				CLANG_WARN_COMMA = YES;
				CLANG_WARN_CONSTANT_CONVERSION = YES;
				CLANG_WARN_DEPRECATED_OBJC_IMPLEMENTATIONS = YES;
				CLANG_WARN_DIRECT_OBJC_ISA_USAGE = YES_ERROR;
				CLANG_WARN_DOCUMENTATION_COMMENTS = YES;
				CLANG_WARN_EMPTY_BODY = YES;
				CLANG_WARN_ENUM_CONVERSION = YES;
				CLANG_WARN_INFINITE_RECURSION = YES;
				CLANG_WARN_INT_CONVERSION = YES;
				CLANG_WARN_NON_LITERAL_NULL_CONVERSION = YES;
				CLANG_WARN_OBJC_IMPLICIT_RETAIN_SELF = YES;
				CLANG_WARN_OBJC_LITERAL_CONVERSION = YES;
				CLANG_WARN_OBJC_ROOT_CLASS = YES_ERROR;
				CLANG_WARN_QUOTED_INCLUDE_IN_FRAMEWORK_HEADER = YES;
				CLANG_WARN_RANGE_LOOP_ANALYSIS = YES;
				CLANG_WARN_STRICT_PROTOTYPES = YES;
				CLANG_WARN_SUSPICIOUS_MOVE = YES;
				CLANG_WARN_UNGUARDED_AVAILABILITY = YES_AGGRESSIVE;
				CLANG_WARN_UNREACHABLE_CODE = YES;
				CLANG_WARN__DUPLICATE_METHOD_MATCH = YES;
				COPY_PHASE_STRIP = NO;
				DEBUG_INFORMATION_FORMAT = "dwarf-with-dsym";
				ENABLE_NS_ASSERTIONS = NO;
				ENABLE_STRICT_OBJC_MSGSEND = YES;
				GCC_C_LANGUAGE_STANDARD = gnu11;
				GCC_NO_COMMON_BLOCKS = YES;
				GCC_WARN_64_TO_32_BIT_CONVERSION = YES;
				GCC_WARN_ABOUT_RETURN_TYPE = YES_ERROR;
				GCC_WARN_UNDECLARED_SELECTOR = YES;
				GCC_WARN_UNINITIALIZED_AUTOS = YES_AGGRESSIVE;
				GCC_WARN_UNUSED_FUNCTION = YES;
				GCC_WARN_UNUSED_VARIABLE = YES;
				IPHONEOS_DEPLOYMENT_TARGET = 14.4;
				MTL_ENABLE_DEBUG_INFO = NO;
				MTL_FAST_MATH = YES;
				SDKROOT = iphoneos;
				SWIFT_COMPILATION_MODE = wholemodule;
				SWIFT_OPTIMIZATION_LEVEL = "-O";
				VALIDATE_PRODUCT = YES;
			};
			name = Release;
		};
		DFE79CB225F1A60500883AD8 /* Debug */ = {
			isa = XCBuildConfiguration;
			buildSettings = {
				ASSETCATALOG_COMPILER_APPICON_NAME = AppIcon;
				ASSETCATALOG_COMPILER_GLOBAL_ACCENT_COLOR_NAME = AccentColor;
				CODE_SIGN_STYLE = Automatic;
				DEVELOPMENT_TEAM = BHS3MQ4964;
				INFOPLIST_FILE = Calculadora/Info.plist;
				LD_RUNPATH_SEARCH_PATHS = (
					"$(inherited)",
					"@executable_path/Frameworks",
				);
				PRODUCT_BUNDLE_IDENTIFIER = com.jesussierra.Calculadora;
				PRODUCT_NAME = "$(TARGET_NAME)";
				SWIFT_VERSION = 5.0;
				TARGETED_DEVICE_FAMILY = "1,2";
			};
			name = Debug;
		};
		DFE79CB325F1A60500883AD8 /* Release */ = {
			isa = XCBuildConfiguration;
			buildSettings = {
				ASSETCATALOG_COMPILER_APPICON_NAME = AppIcon;
				ASSETCATALOG_COMPILER_GLOBAL_ACCENT_COLOR_NAME = AccentColor;
				CODE_SIGN_STYLE = Automatic;
				DEVELOPMENT_TEAM = BHS3MQ4964;
				INFOPLIST_FILE = Calculadora/Info.plist;
				LD_RUNPATH_SEARCH_PATHS = (
					"$(inherited)",
					"@executable_path/Frameworks",
				);
				PRODUCT_BUNDLE_IDENTIFIER = com.jesussierra.Calculadora;
				PRODUCT_NAME = "$(TARGET_NAME)";
				SWIFT_VERSION = 5.0;
				TARGETED_DEVICE_FAMILY = "1,2";
			};
			name = Release;
		};
		DFE79CB525F1A60500883AD8 /* Debug */ = {
			isa = XCBuildConfiguration;
			buildSettings = {
				ALWAYS_EMBED_SWIFT_STANDARD_LIBRARIES = YES;
				BUNDLE_LOADER = "$(TEST_HOST)";
				CODE_SIGN_STYLE = Automatic;
				DEVELOPMENT_TEAM = BHS3MQ4964;
				INFOPLIST_FILE = CalculadoraTests/Info.plist;
				IPHONEOS_DEPLOYMENT_TARGET = 14.4;
				LD_RUNPATH_SEARCH_PATHS = (
					"$(inherited)",
					"@executable_path/Frameworks",
					"@loader_path/Frameworks",
				);
				PRODUCT_BUNDLE_IDENTIFIER = com.jesussierra.CalculadoraTests;
				PRODUCT_NAME = "$(TARGET_NAME)";
				SWIFT_VERSION = 5.0;
				TARGETED_DEVICE_FAMILY = "1,2";
				TEST_HOST = "$(BUILT_PRODUCTS_DIR)/Calculadora.app/Calculadora";
			};
			name = Debug;
		};
		DFE79CB625F1A60500883AD8 /* Release */ = {
			isa = XCBuildConfiguration;
			buildSettings = {
				ALWAYS_EMBED_SWIFT_STANDARD_LIBRARIES = YES;
				BUNDLE_LOADER = "$(TEST_HOST)";
				CODE_SIGN_STYLE = Automatic;
				DEVELOPMENT_TEAM = BHS3MQ4964;
				INFOPLIST_FILE = CalculadoraTests/Info.plist;
				IPHONEOS_DEPLOYMENT_TARGET = 14.4;
				LD_RUNPATH_SEARCH_PATHS = (
					"$(inherited)",
					"@executable_path/Frameworks",
					"@loader_path/Frameworks",
				);
				PRODUCT_BUNDLE_IDENTIFIER = com.jesussierra.CalculadoraTests;
				PRODUCT_NAME = "$(TARGET_NAME)";
				SWIFT_VERSION = 5.0;
				TARGETED_DEVICE_FAMILY = "1,2";
				TEST_HOST = "$(BUILT_PRODUCTS_DIR)/Calculadora.app/Calculadora";
			};
			name = Release;
		};
		DFE79CB825F1A60500883AD8 /* Debug */ = {
			isa = XCBuildConfiguration;
			buildSettings = {
				ALWAYS_EMBED_SWIFT_STANDARD_LIBRARIES = YES;
				CODE_SIGN_STYLE = Automatic;
				DEVELOPMENT_TEAM = BHS3MQ4964;
				INFOPLIST_FILE = CalculadoraUITests/Info.plist;
				LD_RUNPATH_SEARCH_PATHS = (
					"$(inherited)",
					"@executable_path/Frameworks",
					"@loader_path/Frameworks",
				);
				PRODUCT_BUNDLE_IDENTIFIER = com.jesussierra.CalculadoraUITests;
				PRODUCT_NAME = "$(TARGET_NAME)";
				SWIFT_VERSION = 5.0;
				TARGETED_DEVICE_FAMILY = "1,2";
				TEST_TARGET_NAME = Calculadora;
			};
			name = Debug;
		};
		DFE79CB925F1A60500883AD8 /* Release */ = {
			isa = XCBuildConfiguration;
			buildSettings = {
				ALWAYS_EMBED_SWIFT_STANDARD_LIBRARIES = YES;
				CODE_SIGN_STYLE = Automatic;
				DEVELOPMENT_TEAM = BHS3MQ4964;
				INFOPLIST_FILE = CalculadoraUITests/Info.plist;
				LD_RUNPATH_SEARCH_PATHS = (
					"$(inherited)",
					"@executable_path/Frameworks",
					"@loader_path/Frameworks",
				);
				PRODUCT_BUNDLE_IDENTIFIER = com.jesussierra.CalculadoraUITests;
				PRODUCT_NAME = "$(TARGET_NAME)";
				SWIFT_VERSION = 5.0;
				TARGETED_DEVICE_FAMILY = "1,2";
				TEST_TARGET_NAME = Calculadora;
			};
			name = Release;
		};
/* End XCBuildConfiguration section */

/* Begin XCConfigurationList section */
		DFE79C8225F1A5FD00883AD8 /* Build configuration list for PBXProject "Calculadora" */ = {
			isa = XCConfigurationList;
			buildConfigurations = (
				DFE79CAF25F1A60500883AD8 /* Debug */,
				DFE79CB025F1A60500883AD8 /* Release */,
			);
			defaultConfigurationIsVisible = 0;
			defaultConfigurationName = Release;
		};
		DFE79CB125F1A60500883AD8 /* Build configuration list for PBXNativeTarget "Calculadora" */ = {
			isa = XCConfigurationList;
			buildConfigurations = (
				DFE79CB225F1A60500883AD8 /* Debug */,
				DFE79CB325F1A60500883AD8 /* Release */,
			);
			defaultConfigurationIsVisible = 0;
			defaultConfigurationName = Release;
		};
		DFE79CB425F1A60500883AD8 /* Build configuration list for PBXNativeTarget "CalculadoraTests" */ = {
			isa = XCConfigurationList;
			buildConfigurations = (
				DFE79CB525F1A60500883AD8 /* Debug */,
				DFE79CB625F1A60500883AD8 /* Release */,
			);
			defaultConfigurationIsVisible = 0;
			defaultConfigurationName = Release;
		};
		DFE79CB725F1A60500883AD8 /* Build configuration list for PBXNativeTarget "CalculadoraUITests" */ = {
			isa = XCConfigurationList;
			buildConfigurations = (
				DFE79CB825F1A60500883AD8 /* Debug */,
				DFE79CB925F1A60500883AD8 /* Release */,
			);
			defaultConfigurationIsVisible = 0;
			defaultConfigurationName = Release;
		};
/* End XCConfigurationList section */
	};
	rootObject = DFE79C7F25F1A5FD00883AD8 /* Project object */;
}
